// !$*UTF8*$!
{
	archiveVersion = 1;
	classes = {
	};
	objectVersion = 50;
	objects = {

/* Begin PBXBuildFile section */
		0868FB8521C6A3E100685E4E /* AppDelegate.m in Sources */ = {isa = PBXBuildFile; fileRef = 0868FB8421C6A3E100685E4E /* AppDelegate.m */; };
		0868FB8821C6A3E100685E4E /* ViewController.m in Sources */ = {isa = PBXBuildFile; fileRef = 0868FB8721C6A3E100685E4E /* ViewController.m */; };
		0868FB8B21C6A3E100685E4E /* Main.storyboard in Resources */ = {isa = PBXBuildFile; fileRef = 0868FB8921C6A3E100685E4E /* Main.storyboard */; };
		0868FB8D21C6A3E200685E4E /* Assets.xcassets in Resources */ = {isa = PBXBuildFile; fileRef = 0868FB8C21C6A3E200685E4E /* Assets.xcassets */; };
		0868FB9021C6A3E200685E4E /* LaunchScreen.storyboard in Resources */ = {isa = PBXBuildFile; fileRef = 0868FB8E21C6A3E200685E4E /* LaunchScreen.storyboard */; };
		0868FB9321C6A3E200685E4E /* main.m in Sources */ = {isa = PBXBuildFile; fileRef = 0868FB9221C6A3E200685E4E /* main.m */; };
		0868FB9E21C6A4A200685E4E /* FLRadarChartView.m in Sources */ = {isa = PBXBuildFile; fileRef = 0868FB9D21C6A4A200685E4E /* FLRadarChartView.m */; };
		0868FBA121C6A4F900685E4E /* FLRadarChartModel.m in Sources */ = {isa = PBXBuildFile; fileRef = 0868FBA021C6A4F900685E4E /* FLRadarChartModel.m */; };
		0868FBA421C6A6B900685E4E /* UIView+FLFrame.m in Sources */ = {isa = PBXBuildFile; fileRef = 0868FBA221C6A6B800685E4E /* UIView+FLFrame.m */; };
		0868FBA721C6A93500685E4E /* NSString+FLTextSize.m in Sources */ = {isa = PBXBuildFile; fileRef = 0868FBA621C6A93500685E4E /* NSString+FLTextSize.m */; };
		CEFD977B8F33C937AE154253 /* Pods_FLRadarChart.framework in Frameworks */ = {isa = PBXBuildFile; fileRef = 40604871C1544B84E9FADDCF /* Pods_FLRadarChart.framework */; };
/* End PBXBuildFile section */

/* Begin PBXFileReference section */
		0868FB8021C6A3E100685E4E /* FLRadarChart.app */ = {isa = PBXFileReference; explicitFileType = wrapper.application; includeInIndex = 0; path = FLRadarChart.app; sourceTree = BUILT_PRODUCTS_DIR; };
		0868FB8321C6A3E100685E4E /* AppDelegate.h */ = {isa = PBXFileReference; lastKnownFileType = sourcecode.c.h; path = AppDelegate.h; sourceTree = "<group>"; };
		0868FB8421C6A3E100685E4E /* AppDelegate.m */ = {isa = PBXFileReference; lastKnownFileType = sourcecode.c.objc; path = AppDelegate.m; sourceTree = "<group>"; };
		0868FB8621C6A3E100685E4E /* ViewController.h */ = {isa = PBXFileReference; lastKnownFileType = sourcecode.c.h; path = ViewController.h; sourceTree = "<group>"; };
		0868FB8721C6A3E100685E4E /* ViewController.m */ = {isa = PBXFileReference; lastKnownFileType = sourcecode.c.objc; path = ViewController.m; sourceTree = "<group>"; };
		0868FB8A21C6A3E100685E4E /* Base */ = {isa = PBXFileReference; lastKnownFileType = file.storyboard; name = Base; path = Base.lproj/Main.storyboard; sourceTree = "<group>"; };
		0868FB8C21C6A3E200685E4E /* Assets.xcassets */ = {isa = PBXFileReference; lastKnownFileType = folder.assetcatalog; path = Assets.xcassets; sourceTree = "<group>"; };
		0868FB8F21C6A3E200685E4E /* Base */ = {isa = PBXFileReference; lastKnownFileType = file.storyboard; name = Base; path = Base.lproj/LaunchScreen.storyboard; sourceTree = "<group>"; };
		0868FB9121C6A3E200685E4E /* Info.plist */ = {isa = PBXFileReference; lastKnownFileType = text.plist.xml; path = Info.plist; sourceTree = "<group>"; };
		0868FB9221C6A3E200685E4E /* main.m */ = {isa = PBXFileReference; lastKnownFileType = sourcecode.c.objc; path = main.m; sourceTree = "<group>"; };
		0868FB9C21C6A4A200685E4E /* FLRadarChartView.h */ = {isa = PBXFileReference; lastKnownFileType = sourcecode.c.h; path = FLRadarChartView.h; sourceTree = "<group>"; };
		0868FB9D21C6A4A200685E4E /* FLRadarChartView.m */ = {isa = PBXFileReference; lastKnownFileType = sourcecode.c.objc; path = FLRadarChartView.m; sourceTree = "<group>"; };
		0868FB9F21C6A4F900685E4E /* FLRadarChartModel.h */ = {isa = PBXFileReference; lastKnownFileType = sourcecode.c.h; path = FLRadarChartModel.h; sourceTree = "<group>"; };
		0868FBA021C6A4F900685E4E /* FLRadarChartModel.m */ = {isa = PBXFileReference; lastKnownFileType = sourcecode.c.objc; path = FLRadarChartModel.m; sourceTree = "<group>"; };
		0868FBA221C6A6B800685E4E /* UIView+FLFrame.m */ = {isa = PBXFileReference; fileEncoding = 4; lastKnownFileType = sourcecode.c.objc; path = "UIView+FLFrame.m"; sourceTree = "<group>"; };
		0868FBA321C6A6B900685E4E /* UIView+FLFrame.h */ = {isa = PBXFileReference; fileEncoding = 4; lastKnownFileType = sourcecode.c.h; path = "UIView+FLFrame.h"; sourceTree = "<group>"; };
		0868FBA521C6A93500685E4E /* NSString+FLTextSize.h */ = {isa = PBXFileReference; lastKnownFileType = sourcecode.c.h; path = "NSString+FLTextSize.h"; sourceTree = "<group>"; };
		0868FBA621C6A93500685E4E /* NSString+FLTextSize.m */ = {isa = PBXFileReference; lastKnownFileType = sourcecode.c.objc; path = "NSString+FLTextSize.m"; sourceTree = "<group>"; };
		2F23C878303B889B150FEFAB /* Pods-FLRadarChart.debug.xcconfig */ = {isa = PBXFileReference; includeInIndex = 1; lastKnownFileType = text.xcconfig; name = "Pods-FLRadarChart.debug.xcconfig"; path = "Pods/Target Support Files/Pods-FLRadarChart/Pods-FLRadarChart.debug.xcconfig"; sourceTree = "<group>"; };
		40604871C1544B84E9FADDCF /* Pods_FLRadarChart.framework */ = {isa = PBXFileReference; explicitFileType = wrapper.framework; includeInIndex = 0; path = Pods_FLRadarChart.framework; sourceTree = BUILT_PRODUCTS_DIR; };
		B2936643C97C0355C08028EA /* Pods-FLRadarChart.release.xcconfig */ = {isa = PBXFileReference; includeInIndex = 1; lastKnownFileType = text.xcconfig; name = "Pods-FLRadarChart.release.xcconfig"; path = "Pods/Target Support Files/Pods-FLRadarChart/Pods-FLRadarChart.release.xcconfig"; sourceTree = "<group>"; };
/* End PBXFileReference section */

/* Begin PBXFrameworksBuildPhase section */
		0868FB7D21C6A3E100685E4E /* Frameworks */ = {
			isa = PBXFrameworksBuildPhase;
			buildActionMask = 2147483647;
			files = (
				CEFD977B8F33C937AE154253 /* Pods_FLRadarChart.framework in Frameworks */,
			);
			runOnlyForDeploymentPostprocessing = 0;
		};
/* End PBXFrameworksBuildPhase section */

/* Begin PBXGroup section */
		0868FB7721C6A3E100685E4E = {
			isa = PBXGroup;
			children = (
				0868FB8221C6A3E100685E4E /* FLRadarChart */,
				0868FB8121C6A3E100685E4E /* Products */,
				D579914802361E67443B99E0 /* Pods */,
				C6462B3B963E96EBE256F13F /* Frameworks */,
			);
			sourceTree = "<group>";
		};
		0868FB8121C6A3E100685E4E /* Products */ = {
			isa = PBXGroup;
			children = (
				0868FB8021C6A3E100685E4E /* FLRadarChart.app */,
			);
			name = Products;
			sourceTree = "<group>";
		};
		0868FB8221C6A3E100685E4E /* FLRadarChart */ = {
			isa = PBXGroup;
			children = (
				0868FBA821C6A93E00685E4E /* Category */,
				0868FB9921C6A43A00685E4E /* FLRadarChart */,
				0868FB8321C6A3E100685E4E /* AppDelegate.h */,
				0868FB8421C6A3E100685E4E /* AppDelegate.m */,
				0868FB8621C6A3E100685E4E /* ViewController.h */,
				0868FB8721C6A3E100685E4E /* ViewController.m */,
				0868FB8921C6A3E100685E4E /* Main.storyboard */,
				0868FB8C21C6A3E200685E4E /* Assets.xcassets */,
				0868FB8E21C6A3E200685E4E /* LaunchScreen.storyboard */,
				0868FB9121C6A3E200685E4E /* Info.plist */,
				0868FB9221C6A3E200685E4E /* main.m */,
			);
			path = FLRadarChart;
			sourceTree = "<group>";
		};
		0868FB9921C6A43A00685E4E /* FLRadarChart */ = {
			isa = PBXGroup;
			children = (
				0868FB9C21C6A4A200685E4E /* FLRadarChartView.h */,
				0868FB9D21C6A4A200685E4E /* FLRadarChartView.m */,
				0868FB9F21C6A4F900685E4E /* FLRadarChartModel.h */,
				0868FBA021C6A4F900685E4E /* FLRadarChartModel.m */,
			);
			path = FLRadarChart;
			sourceTree = "<group>";
		};
		0868FBA821C6A93E00685E4E /* Category */ = {
			isa = PBXGroup;
			children = (
				0868FBA321C6A6B900685E4E /* UIView+FLFrame.h */,
				0868FBA221C6A6B800685E4E /* UIView+FLFrame.m */,
				0868FBA521C6A93500685E4E /* NSString+FLTextSize.h */,
				0868FBA621C6A93500685E4E /* NSString+FLTextSize.m */,
			);
			path = Category;
			sourceTree = "<group>";
		};
		C6462B3B963E96EBE256F13F /* Frameworks */ = {
			isa = PBXGroup;
			children = (
				40604871C1544B84E9FADDCF /* Pods_FLRadarChart.framework */,
			);
			name = Frameworks;
			sourceTree = "<group>";
		};
		D579914802361E67443B99E0 /* Pods */ = {
			isa = PBXGroup;
			children = (
				2F23C878303B889B150FEFAB /* Pods-FLRadarChart.debug.xcconfig */,
				B2936643C97C0355C08028EA /* Pods-FLRadarChart.release.xcconfig */,
			);
			name = Pods;
			sourceTree = "<group>";
		};
/* End PBXGroup section */

/* Begin PBXNativeTarget section */
		0868FB7F21C6A3E100685E4E /* FLRadarChart */ = {
			isa = PBXNativeTarget;
			buildConfigurationList = 0868FB9621C6A3E200685E4E /* Build configuration list for PBXNativeTarget "FLRadarChart" */;
			buildPhases = (
				8D652D033D2C30266C15714F /* [CP] Check Pods Manifest.lock */,
				0868FB7C21C6A3E100685E4E /* Sources */,
				0868FB7D21C6A3E100685E4E /* Frameworks */,
				0868FB7E21C6A3E100685E4E /* Resources */,
				020139A9EDE6FD208FA63081 /* [CP] Embed Pods Frameworks */,
			);
			buildRules = (
			);
			dependencies = (
			);
			name = FLRadarChart;
			productName = FLRadarChart;
			productReference = 0868FB8021C6A3E100685E4E /* FLRadarChart.app */;
			productType = "com.apple.product-type.application";
		};
/* End PBXNativeTarget section */

/* Begin PBXProject section */
		0868FB7821C6A3E100685E4E /* Project object */ = {
			isa = PBXProject;
			attributes = {
				CLASSPREFIX = FL;
				LastUpgradeCheck = 1010;
				ORGANIZATIONNAME = FJL;
				TargetAttributes = {
					0868FB7F21C6A3E100685E4E = {
						CreatedOnToolsVersion = 10.1;
					};
				};
			};
			buildConfigurationList = 0868FB7B21C6A3E100685E4E /* Build configuration list for PBXProject "FLRadarChart" */;
			compatibilityVersion = "Xcode 9.3";
			developmentRegion = en;
			hasScannedForEncodings = 0;
			knownRegions = (
				en,
				Base,
			);
			mainGroup = 0868FB7721C6A3E100685E4E;
			productRefGroup = 0868FB8121C6A3E100685E4E /* Products */;
			projectDirPath = "";
			projectRoot = "";
			targets = (
				0868FB7F21C6A3E100685E4E /* FLRadarChart */,
			);
		};
/* End PBXProject section */

/* Begin PBXResourcesBuildPhase section */
		0868FB7E21C6A3E100685E4E /* Resources */ = {
			isa = PBXResourcesBuildPhase;
			buildActionMask = 2147483647;
			files = (
				0868FB9021C6A3E200685E4E /* LaunchScreen.storyboard in Resources */,
				0868FB8D21C6A3E200685E4E /* Assets.xcassets in Resources */,
				0868FB8B21C6A3E100685E4E /* Main.storyboard in Resources */,
			);
			runOnlyForDeploymentPostprocessing = 0;
		};
/* End PBXResourcesBuildPhase section */

/* Begin PBXShellScriptBuildPhase section */
		020139A9EDE6FD208FA63081 /* [CP] Embed Pods Frameworks */ = {
			isa = PBXShellScriptBuildPhase;
			buildActionMask = 2147483647;
			files = (
			);
			inputFileListPaths = (
			);
			inputPaths = (
				"${SRCROOT}/Pods/Target Support Files/Pods-FLRadarChart/Pods-FLRadarChart-frameworks.sh",
				"${BUILT_PRODUCTS_DIR}/Masonry/Masonry.framework",
			);
			name = "[CP] Embed Pods Frameworks";
			outputFileListPaths = (
			);
			outputPaths = (
				"${TARGET_BUILD_DIR}/${FRAMEWORKS_FOLDER_PATH}/Masonry.framework",
			);
			runOnlyForDeploymentPostprocessing = 0;
			shellPath = /bin/sh;
			shellScript = "\"${SRCROOT}/Pods/Target Support Files/Pods-FLRadarChart/Pods-FLRadarChart-frameworks.sh\"\n";
			showEnvVarsInLog = 0;
		};
		8D652D033D2C30266C15714F /* [CP] Check Pods Manifest.lock */ = {
			isa = PBXShellScriptBuildPhase;
			buildActionMask = 2147483647;
			files = (
			);
			inputFileListPaths = (
			);
			inputPaths = (
				"${PODS_PODFILE_DIR_PATH}/Podfile.lock",
				"${PODS_ROOT}/Manifest.lock",
			);
			name = "[CP] Check Pods Manifest.lock";
			outputFileListPaths = (
			);
			outputPaths = (
				"$(DERIVED_FILE_DIR)/Pods-FLRadarChart-checkManifestLockResult.txt",
			);
			runOnlyForDeploymentPostprocessing = 0;
			shellPath = /bin/sh;
			shellScript = "diff \"${PODS_PODFILE_DIR_PATH}/Podfile.lock\" \"${PODS_ROOT}/Manifest.lock\" > /dev/null\nif [ $? != 0 ] ; then\n    # print error to STDERR\n    echo \"error: The sandbox is not in sync with the Podfile.lock. Run 'pod install' or update your CocoaPods installation.\" >&2\n    exit 1\nfi\n# This output is used by Xcode 'outputs' to avoid re-running this script phase.\necho \"SUCCESS\" > \"${SCRIPT_OUTPUT_FILE_0}\"\n";
			showEnvVarsInLog = 0;
		};
/* End PBXShellScriptBuildPhase section */

/* Begin PBXSourcesBuildPhase section */
		0868FB7C21C6A3E100685E4E /* Sources */ = {
			isa = PBXSourcesBuildPhase;
			buildActionMask = 2147483647;
			files = (
				0868FBA721C6A93500685E4E /* NSString+FLTextSize.m in Sources */,
				0868FBA421C6A6B900685E4E /* UIView+FLFrame.m in Sources */,
				0868FB8821C6A3E100685E4E /* ViewController.m in Sources */,
				0868FB9321C6A3E200685E4E /* main.m in Sources */,
				0868FB9E21C6A4A200685E4E /* FLRadarChartView.m in Sources */,
				0868FB8521C6A3E100685E4E /* AppDelegate.m in Sources */,
				0868FBA121C6A4F900685E4E /* FLRadarChartModel.m in Sources */,
			);
			runOnlyForDeploymentPostprocessing = 0;
		};
/* End PBXSourcesBuildPhase section */

/* Begin PBXVariantGroup section */
		0868FB8921C6A3E100685E4E /* Main.storyboard */ = {
			isa = PBXVariantGroup;
			children = (
				0868FB8A21C6A3E100685E4E /* Base */,
			);
			name = Main.storyboard;
			sourceTree = "<group>";
		};
		0868FB8E21C6A3E200685E4E /* LaunchScreen.storyboard */ = {
			isa = PBXVariantGroup;
			children = (
				0868FB8F21C6A3E200685E4E /* Base */,
			);
			name = LaunchScreen.storyboard;
			sourceTree = "<group>";
		};
/* End PBXVariantGroup section */

/* Begin XCBuildConfiguration section */
		0868FB9421C6A3E200685E4E /* Debug */ = {
			isa = XCBuildConfiguration;
			buildSettings = {
				ALWAYS_SEARCH_USER_PATHS = NO;
				CLANG_ANALYZER_NONNULL = YES;
				CLANG_ANALYZER_NUMBER_OBJECT_CONVERSION = YES_AGGRESSIVE;
				CLANG_CXX_LANGUAGE_STANDARD = "gnu++14";
				CLANG_CXX_LIBRARY = "libc++";
				CLANG_ENABLE_MODULES = YES;
				CLANG_ENABLE_OBJC_ARC = YES;
				CLANG_ENABLE_OBJC_WEAK = YES;
				CLANG_WARN_BLOCK_CAPTURE_AUTORELEASING = YES;
				CLANG_WARN_BOOL_CONVERSION = YES;
				CLANG_WARN_COMMA = YES;
				CLANG_WARN_CONSTANT_CONVERSION = YES;
				CLANG_WARN_DEPRECATED_OBJC_IMPLEMENTATIONS = YES;
				CLANG_WARN_DIRECT_OBJC_ISA_USAGE = YES_ERROR;
				CLANG_WARN_DOCUMENTATION_COMMENTS = YES;
				CLANG_WARN_EMPTY_BODY = YES;
				CLANG_WARN_ENUM_CONVERSION = YES;
				CLANG_WARN_INFINITE_RECURSION = YES;
				CLANG_WARN_INT_CONVERSION = YES;
				CLANG_WARN_NON_LITERAL_NULL_CONVERSION = YES;
				CLANG_WARN_OBJC_IMPLICIT_RETAIN_SELF = YES;
				CLANG_WARN_OBJC_LITERAL_CONVERSION = YES;
				CLANG_WARN_OBJC_ROOT_CLASS = YES_ERROR;
				CLANG_WARN_RANGE_LOOP_ANALYSIS = YES;
				CLANG_WARN_STRICT_PROTOTYPES = YES;
				CLANG_WARN_SUSPICIOUS_MOVE = YES;
				CLANG_WARN_UNGUARDED_AVAILABILITY = YES_AGGRESSIVE;
				CLANG_WARN_UNREACHABLE_CODE = YES;
				CLANG_WARN__DUPLICATE_METHOD_MATCH = YES;
				CODE_SIGN_IDENTITY = "iPhone Developer";
				COPY_PHASE_STRIP = NO;
				DEBUG_INFORMATION_FORMAT = dwarf;
				ENABLE_STRICT_OBJC_MSGSEND = YES;
				ENABLE_TESTABILITY = YES;
				GCC_C_LANGUAGE_STANDARD = gnu11;
				GCC_DYNAMIC_NO_PIC = NO;
				GCC_NO_COMMON_BLOCKS = YES;
				GCC_OPTIMIZATION_LEVEL = 0;
				GCC_PREPROCESSOR_DEFINITIONS = (
					"DEBUG=1",
					"$(inherited)",
				);
				GCC_WARN_64_TO_32_BIT_CONVERSION = YES;
				GCC_WARN_ABOUT_RETURN_TYPE = YES_ERROR;
				GCC_WARN_UNDECLARED_SELECTOR = YES;
				GCC_WARN_UNINITIALIZED_AUTOS = YES_AGGRESSIVE;
				GCC_WARN_UNUSED_FUNCTION = YES;
				GCC_WARN_UNUSED_VARIABLE = YES;
				IPHONEOS_DEPLOYMENT_TARGET = 12.1;
				MTL_ENABLE_DEBUG_INFO = INCLUDE_SOURCE;
				MTL_FAST_MATH = YES;
				ONLY_ACTIVE_ARCH = YES;
				SDKROOT = iphoneos;
			};
			name = Debug;
		};
		0868FB9521C6A3E200685E4E /* Release */ = {
			isa = XCBuildConfiguration;
			buildSettings = {
				ALWAYS_SEARCH_USER_PATHS = NO;
				CLANG_ANALYZER_NONNULL = YES;
				CLANG_ANALYZER_NUMBER_OBJECT_CONVERSION = YES_AGGRESSIVE;
				CLANG_CXX_LANGUAGE_STANDARD = "gnu++14";
				CLANG_CXX_LIBRARY = "libc++";
				CLANG_ENABLE_MODULES = YES;
				CLANG_ENABLE_OBJC_ARC = YES;
				CLANG_ENABLE_OBJC_WEAK = YES;
				CLANG_WARN_BLOCK_CAPTURE_AUTORELEASING = YES;
				CLANG_WARN_BOOL_CONVERSION = YES;
				CLANG_WARN_COMMA = YES;
				CLANG_WARN_CONSTANT_CONVERSION = YES;
				CLANG_WARN_DEPRECATED_OBJC_IMPLEMENTATIONS = YES;
				CLANG_WARN_DIRECT_OBJC_ISA_USAGE = YES_ERROR;
				CLANG_WARN_DOCUMENTATION_COMMENTS = YES;
				CLANG_WARN_EMPTY_BODY = YES;
				CLANG_WARN_ENUM_CONVERSION = YES;
				CLANG_WARN_INFINITE_RECURSION = YES;
				CLANG_WARN_INT_CONVERSION = YES;
				CLANG_WARN_NON_LITERAL_NULL_CONVERSION = YES;
				CLANG_WARN_OBJC_IMPLICIT_RETAIN_SELF = YES;
				CLANG_WARN_OBJC_LITERAL_CONVERSION = YES;
				CLANG_WARN_OBJC_ROOT_CLASS = YES_ERROR;
				CLANG_WARN_RANGE_LOOP_ANALYSIS = YES;
				CLANG_WARN_STRICT_PROTOTYPES = YES;
				CLANG_WARN_SUSPICIOUS_MOVE = YES;
				CLANG_WARN_UNGUARDED_AVAILABILITY = YES_AGGRESSIVE;
				CLANG_WARN_UNREACHABLE_CODE = YES;
				CLANG_WARN__DUPLICATE_METHOD_MATCH = YES;
				CODE_SIGN_IDENTITY = "iPhone Developer";
				COPY_PHASE_STRIP = NO;
				DEBUG_INFORMATION_FORMAT = "dwarf-with-dsym";
				ENABLE_NS_ASSERTIONS = NO;
				ENABLE_STRICT_OBJC_MSGSEND = YES;
				GCC_C_LANGUAGE_STANDARD = gnu11;
				GCC_NO_COMMON_BLOCKS = YES;
				GCC_WARN_64_TO_32_BIT_CONVERSION = YES;
				GCC_WARN_ABOUT_RETURN_TYPE = YES_ERROR;
				GCC_WARN_UNDECLARED_SELECTOR = YES;
				GCC_WARN_UNINITIALIZED_AUTOS = YES_AGGRESSIVE;
				GCC_WARN_UNUSED_FUNCTION = YES;
				GCC_WARN_UNUSED_VARIABLE = YES;
				IPHONEOS_DEPLOYMENT_TARGET = 12.1;
				MTL_ENABLE_DEBUG_INFO = NO;
				MTL_FAST_MATH = YES;
				SDKROOT = iphoneos;
				VALIDATE_PRODUCT = YES;
			};
			name = Release;
		};
		0868FB9721C6A3E200685E4E /* Debug */ = {
			isa = XCBuildConfiguration;
			baseConfigurationReference = 2F23C878303B889B150FEFAB /* Pods-FLRadarChart.debug.xcconfig */;
			buildSettings = {
				ASSETCATALOG_COMPILER_APPICON_NAME = AppIcon;
				CODE_SIGN_STYLE = Automatic;
				DEVELOPMENT_TEAM = JK3DEUP7YL;
				INFOPLIST_FILE = FLRadarChart/Info.plist;
				LD_RUNPATH_SEARCH_PATHS = (
					"$(inherited)",
					"@executable_path/Frameworks",
				);
				PRODUCT_BUNDLE_IDENTIFIER = com.RomanticEncounter.FLRadarChart;
				PRODUCT_NAME = "$(TARGET_NAME)";
				TARGETED_DEVICE_FAMILY = "1,2";
			};
			name = Debug;
		};
		0868FB9821C6A3E200685E4E /* Release */ = {
			isa = XCBuildConfiguration;
			baseConfigurationReference = B2936643C97C0355C08028EA /* Pods-FLRadarChart.release.xcconfig */;
			buildSettings = {
				ASSETCATALOG_COMPILER_APPICON_NAME = AppIcon;
				CODE_SIGN_STYLE = Automatic;
				DEVELOPMENT_TEAM = JK3DEUP7YL;
				INFOPLIST_FILE = FLRadarChart/Info.plist;
				LD_RUNPATH_SEARCH_PATHS = (
					"$(inherited)",
					"@executable_path/Frameworks",
				);
				PRODUCT_BUNDLE_IDENTIFIER = com.RomanticEncounter.FLRadarChart;
				PRODUCT_NAME = "$(TARGET_NAME)";
				TARGETED_DEVICE_FAMILY = "1,2";
			};
			name = Release;
		};
/* End XCBuildConfiguration section */

/* Begin XCConfigurationList section */
		0868FB7B21C6A3E100685E4E /* Build configuration list for PBXProject "FLRadarChart" */ = {
			isa = XCConfigurationList;
			buildConfigurations = (
				0868FB9421C6A3E200685E4E /* Debug */,
				0868FB9521C6A3E200685E4E /* Release */,
			);
			defaultConfigurationIsVisible = 0;
			defaultConfigurationName = Release;
		};
		0868FB9621C6A3E200685E4E /* Build configuration list for PBXNativeTarget "FLRadarChart" */ = {
			isa = XCConfigurationList;
			buildConfigurations = (
				0868FB9721C6A3E200685E4E /* Debug */,
				0868FB9821C6A3E200685E4E /* Release */,
			);
			defaultConfigurationIsVisible = 0;
			defaultConfigurationName = Release;
		};
/* End XCConfigurationList section */
	};
	rootObject = 0868FB7821C6A3E100685E4E /* Project object */;
}
